{
  "dependencies": {
    "iconv-lite": {
      "version": "http://registry.npmjs.org/iconv-lite/-/iconv-lite-0.4.13.tgz"
    },
    "ip-range-check": {
      "version": "http://registry.npmjs.org/ip-range-check/-/ip-range-check-0.0.1.tgz",
      "dependencies": {
        "ipaddr.js": {
          "version": "http://registry.npmjs.org/ipaddr.js/-/ipaddr.js-1.1.0.tgz"
        }
      }
    }
  }
}
