{
  "dependencies": {
    "image-size": {
      "version": "http://registry.npmjs.org/image-size/-/image-size-0.4.0.tgz"
    },
    "mime-types": {
      "version": "http://registry.npmjs.org/mime-types/-/mime-types-2.1.9.tgz",
      "dependencies": {
        "mime-db": {
          "version": "http://registry.npmjs.org/mime-db/-/mime-db-1.21.0.tgz"
        }
      }
    }
  }
}
